# Fully resolved on 2026-09-13 from requirements.txt. Install this file in CI/container.
annotated-doc==0.0.5
annotated-types==0.8.0
anyio==4.15.1
certifi==2026.7.22
charset-normalizer==3.5.1
cloudpickle==3.1.2
colorama==0.4.6
h11==0.16.0
httpcore==1.0.9
httpx==0.28.1
idna==3.19
iniconfig==2.3.0
joblib==1.6.0
markdown-it-py==4.2.0
mdurl==0.1.2
mypy==1.18.2
mypy_extensions==1.1.0
narwhals==2.26.0
nflreadpy==0.1.5
numpy==2.5.3
packaging==26.3
pandas==3.0.5
pathspec==1.1.1
platformdirs==4.11.8
pluggy==1.6.0
polars==1.44.2
polars-runtime-32==1.44.2
pyarrow==25.0.1
pydantic==2.13.5
pydantic-settings==2.15.0
pydantic_core==2.46.5
Pygments==2.21.0
pytest==9.1.1
python-dateutil==2.9.0.post0
python-dotenv==1.2.3
requests==2.34.2
rich==15.0.0
ruff==0.16.7
scikit-learn==1.9.1
scipy==1.18.1
shellingham==1.5.4
six==1.17.0
threadpoolctl==3.6.0
tqdm==4.70.1
typer==0.27.2
typing-inspection==0.4.4
typing_extensions==4.16.0
tzdata==2026.4
urllib3==2.7.0
